<?xml version="1.0" encoding="utf-8"?>
<Project ToolsVersion="4.0" xmlns="http://schemas.microsoft.com/developer/msbuild/2003">
  <ItemGroup>
    <Filter Include="Application">
      <UniqueIdentifier>{fb26bcc5-a53c-4223-a289-b3688d398ff8}</UniqueIdentifier>
    </Filter>
    <Filter Include="Card">
      <UniqueIdentifier>{9df8db7f-ca02-4f79-8a77-f7d540810fbb}</UniqueIdentifier>
    </Filter>
    <Filter Include="Terminal">
      <UniqueIdentifier>{f5c4e798-eddc-42c9-bcba-cfb9d1312425}</UniqueIdentifier>
    </Filter>
    <Filter Include="Server">
      <UniqueIdentifier>{a3ccf3aa-ba2b-4391-9a47-b3e2cf12b41f}</UniqueIdentifier>
    </Filter>
  </ItemGroup>
  <ItemGroup>
    <ClInclude Include="app.h">
      <Filter>Application</Filter>
    </ClInclude>
    <ClInclude Include="card.h">
      <Filter>Card</Filter>
    </ClInclude>
    <ClInclude Include="server.h">
      <Filter>Server</Filter>
    </ClInclude>
    <ClInclude Include="terminal.h">
      <Filter>Terminal</Filter>
    </ClInclude>
    <ClInclude Include="main.h" />
  </ItemGroup>
  <ItemGroup>
    <ClCompile Include="app.c">
      <Filter>Application</Filter>
    </ClCompile>
    <ClCompile Include="card.c">
      <Filter>Card</Filter>
    </ClCompile>
    <ClCompile Include="server.c">
      <Filter>Server</Filter>
    </ClCompile>
    <ClCompile Include="terminal.c">
      <Filter>Terminal</Filter>
    </ClCompile>
    <ClCompile Include="main.c" />
  </ItemGroup>
</Project>